// !$*UTF8*$!
{
	archiveVersion = 1;
	classes = {
	};
	objectVersion = 55;
	objects = {

/* Begin PBXBuildFile section */
		0AF95B83924067932F092287 /* Pods_eWalle_eWalleUITests.framework in Frameworks */ = {isa = PBXBuildFile; fileRef = 46B00D7506CB5DE594523B75 /* Pods_eWalle_eWalleUITests.framework */; };
		312A6994288874370040CE02 /* AppDelegate.swift in Sources */ = {isa = PBXBuildFile; fileRef = 312A6993288874370040CE02 /* AppDelegate.swift */; };
		312A6996288874370040CE02 /* SceneDelegate.swift in Sources */ = {isa = PBXBuildFile; fileRef = 312A6995288874370040CE02 /* SceneDelegate.swift */; };
		312A699E288874370040CE02 /* eWalle.xcdatamodeld in Sources */ = {isa = PBXBuildFile; fileRef = 312A699C288874370040CE02 /* eWalle.xcdatamodeld */; };
		312A69A0288874390040CE02 /* Assets.xcassets in Resources */ = {isa = PBXBuildFile; fileRef = 312A699F288874390040CE02 /* Assets.xcassets */; };
		312A69A3288874390040CE02 /* LaunchScreen.storyboard in Resources */ = {isa = PBXBuildFile; fileRef = 312A69A1288874390040CE02 /* LaunchScreen.storyboard */; };
		312A69AE2888743A0040CE02 /* eWalleTests.swift in Sources */ = {isa = PBXBuildFile; fileRef = 312A69AD2888743A0040CE02 /* eWalleTests.swift */; };
		312A69B82888743A0040CE02 /* eWalleUITests.swift in Sources */ = {isa = PBXBuildFile; fileRef = 312A69B72888743A0040CE02 /* eWalleUITests.swift */; };
		312A69BA2888743A0040CE02 /* eWalleUITestsLaunchTests.swift in Sources */ = {isa = PBXBuildFile; fileRef = 312A69B92888743A0040CE02 /* eWalleUITestsLaunchTests.swift */; };
		312A69CB28887C140040CE02 /* Localizable.strings in Resources */ = {isa = PBXBuildFile; fileRef = 312A69CA28887C140040CE02 /* Localizable.strings */; };
		312A69CD28887C5E0040CE02 /* Colors.xcassets in Resources */ = {isa = PBXBuildFile; fileRef = 312A69CC28887C5E0040CE02 /* Colors.xcassets */; };
		31469A38288881B100F92B56 /* SignInButton.swift in Sources */ = {isa = PBXBuildFile; fileRef = 31469A37288881B100F92B56 /* SignInButton.swift */; };
		31469A3A288881C300F92B56 /* AddButton.swift in Sources */ = {isa = PBXBuildFile; fileRef = 31469A39288881C300F92B56 /* AddButton.swift */; };
		31469A4128888F9300F92B56 /* AvenirNextCyr-Demi.ttf in Resources */ = {isa = PBXBuildFile; fileRef = 31469A3D28888F9300F92B56 /* AvenirNextCyr-Demi.ttf */; };
		31469A4228888F9300F92B56 /* AvenirNextCyr-Bold.ttf in Resources */ = {isa = PBXBuildFile; fileRef = 31469A3E28888F9300F92B56 /* AvenirNextCyr-Bold.ttf */; };
		31469A4328888F9300F92B56 /* AvenirNextCyr-Medium.ttf in Resources */ = {isa = PBXBuildFile; fileRef = 31469A3F28888F9300F92B56 /* AvenirNextCyr-Medium.ttf */; };
		31469A4428888F9300F92B56 /* AvenirNextCyr-Regular.ttf in Resources */ = {isa = PBXBuildFile; fileRef = 31469A4028888F9300F92B56 /* AvenirNextCyr-Regular.ttf */; };
		31469A4728888FF100F92B56 /* Fonts.swift in Sources */ = {isa = PBXBuildFile; fileRef = 31469A4628888FF100F92B56 /* Fonts.swift */; };
		31469A492888909900F92B56 /* Colors.swift in Sources */ = {isa = PBXBuildFile; fileRef = 31469A482888909900F92B56 /* Colors.swift */; };
		31469A4B2888919200F92B56 /* TextHelper.swift in Sources */ = {isa = PBXBuildFile; fileRef = 31469A4A2888919200F92B56 /* TextHelper.swift */; };
		31469A4D288891B200F92B56 /* Strings.swift in Sources */ = {isa = PBXBuildFile; fileRef = 31469A4C288891B200F92B56 /* Strings.swift */; };
		31469A4F288895A700F92B56 /* NavigationButton.swift in Sources */ = {isa = PBXBuildFile; fileRef = 31469A4E288895A700F92B56 /* NavigationButton.swift */; };
		31469A51288895B700F92B56 /* CreateAccountButton.swift in Sources */ = {isa = PBXBuildFile; fileRef = 31469A50288895B700F92B56 /* CreateAccountButton.swift */; };
		31469A5428889F9100F92B56 /* NavigationButtonType.swift in Sources */ = {isa = PBXBuildFile; fileRef = 31469A5328889F9100F92B56 /* NavigationButtonType.swift */; };
		31469A562888A2E800F92B56 /* MagicLayout.swift in Sources */ = {isa = PBXBuildFile; fileRef = 31469A552888A2E800F92B56 /* MagicLayout.swift */; };
		31469A592888A5F400F92B56 /* AddButtonType.swift in Sources */ = {isa = PBXBuildFile; fileRef = 31469A582888A5F400F92B56 /* AddButtonType.swift */; };
		31469A5C2888A73200F92B56 /* LogoView.swift in Sources */ = {isa = PBXBuildFile; fileRef = 31469A5B2888A73200F92B56 /* LogoView.swift */; };
		31469A5E2888AACE00F92B56 /* Ubuntu-Medium.ttf in Resources */ = {isa = PBXBuildFile; fileRef = 31469A5D2888AACE00F92B56 /* Ubuntu-Medium.ttf */; };
		31469A602888B04900F92B56 /* SignInHeaderView.swift in Sources */ = {isa = PBXBuildFile; fileRef = 31469A5F2888B04900F92B56 /* SignInHeaderView.swift */; };
		31469A622888C17700F92B56 /* CurrentBalanceViw.swift in Sources */ = {isa = PBXBuildFile; fileRef = 31469A612888C17700F92B56 /* CurrentBalanceViw.swift */; };
		31469A682888CF0800F92B56 /* SignInViewController.swift in Sources */ = {isa = PBXBuildFile; fileRef = 31469A672888CF0800F92B56 /* SignInViewController.swift */; };
		31469A6B2888CF7B00F92B56 /* ViewModelType.swift in Sources */ = {isa = PBXBuildFile; fileRef = 31469A6A2888CF7B00F92B56 /* ViewModelType.swift */; };
		31469A6D2888CFAD00F92B56 /* SignInViewModel.swift in Sources */ = {isa = PBXBuildFile; fileRef = 31469A6C2888CFAD00F92B56 /* SignInViewModel.swift */; };
		31DF13C6288AD21A000D6A27 /* Coordinator.swift in Sources */ = {isa = PBXBuildFile; fileRef = 31DF13C5288AD21A000D6A27 /* Coordinator.swift */; };
		31DF13CB288AD2A2000D6A27 /* BaseCoordinator.swift in Sources */ = {isa = PBXBuildFile; fileRef = 31DF13CA288AD2A2000D6A27 /* BaseCoordinator.swift */; };
		31DF13CD288B1620000D6A27 /* AppCoordinator.swift in Sources */ = {isa = PBXBuildFile; fileRef = 31DF13CC288B1620000D6A27 /* AppCoordinator.swift */; };
		31DF13D6288B29DA000D6A27 /* HomeViewController.swift in Sources */ = {isa = PBXBuildFile; fileRef = 31DF13D5288B29DA000D6A27 /* HomeViewController.swift */; };
		31DF13D8288B2A00000D6A27 /* MenuViewController.swift in Sources */ = {isa = PBXBuildFile; fileRef = 31DF13D7288B2A00000D6A27 /* MenuViewController.swift */; };
		31DF13DA288B2BAF000D6A27 /* BaseNavigationController.swift in Sources */ = {isa = PBXBuildFile; fileRef = 31DF13D9288B2BAF000D6A27 /* BaseNavigationController.swift */; };
		31DF13DC288B2F30000D6A27 /* SignInCoordinator.swift in Sources */ = {isa = PBXBuildFile; fileRef = 31DF13DB288B2F30000D6A27 /* SignInCoordinator.swift */; };
		31DF13DE288B30BE000D6A27 /* MainCoordinator.swift in Sources */ = {isa = PBXBuildFile; fileRef = 31DF13DD288B30BE000D6A27 /* MainCoordinator.swift */; };
		31DF13E0288B45B2000D6A27 /* MainViewController.swift in Sources */ = {isa = PBXBuildFile; fileRef = 31DF13DF288B45B2000D6A27 /* MainViewController.swift */; };
		718548057DCBFFBD80329E92 /* Pods_eWalle.framework in Frameworks */ = {isa = PBXBuildFile; fileRef = 4D604BF060FB6BAB1C9CFEF8 /* Pods_eWalle.framework */; };
		C46D651709BC571146890956 /* Pods_eWalleTests.framework in Frameworks */ = {isa = PBXBuildFile; fileRef = 27601A3607BF2707BEDDC92C /* Pods_eWalleTests.framework */; };
/* End PBXBuildFile section */

/* Begin PBXContainerItemProxy section */
		312A69AA2888743A0040CE02 /* PBXContainerItemProxy */ = {
			isa = PBXContainerItemProxy;
			containerPortal = 312A6988288874370040CE02 /* Project object */;
			proxyType = 1;
			remoteGlobalIDString = 312A698F288874370040CE02;
			remoteInfo = eWalle;
		};
		312A69B42888743A0040CE02 /* PBXContainerItemProxy */ = {
			isa = PBXContainerItemProxy;
			containerPortal = 312A6988288874370040CE02 /* Project object */;
			proxyType = 1;
			remoteGlobalIDString = 312A698F288874370040CE02;
			remoteInfo = eWalle;
		};
/* End PBXContainerItemProxy section */

/* Begin PBXFileReference section */
		27601A3607BF2707BEDDC92C /* Pods_eWalleTests.framework */ = {isa = PBXFileReference; explicitFileType = wrapper.framework; includeInIndex = 0; path = Pods_eWalleTests.framework; sourceTree = BUILT_PRODUCTS_DIR; };
		312A6990288874370040CE02 /* eWalle.app */ = {isa = PBXFileReference; explicitFileType = wrapper.application; includeInIndex = 0; path = eWalle.app; sourceTree = BUILT_PRODUCTS_DIR; };
		312A6993288874370040CE02 /* AppDelegate.swift */ = {isa = PBXFileReference; lastKnownFileType = sourcecode.swift; path = AppDelegate.swift; sourceTree = "<group>"; };
		312A6995288874370040CE02 /* SceneDelegate.swift */ = {isa = PBXFileReference; lastKnownFileType = sourcecode.swift; path = SceneDelegate.swift; sourceTree = "<group>"; };
		312A699D288874370040CE02 /* eWalle.xcdatamodel */ = {isa = PBXFileReference; lastKnownFileType = wrapper.xcdatamodel; path = eWalle.xcdatamodel; sourceTree = "<group>"; };
		312A699F288874390040CE02 /* Assets.xcassets */ = {isa = PBXFileReference; lastKnownFileType = folder.assetcatalog; path = Assets.xcassets; sourceTree = "<group>"; };
		312A69A2288874390040CE02 /* Base */ = {isa = PBXFileReference; lastKnownFileType = file.storyboard; name = Base; path = Base.lproj/LaunchScreen.storyboard; sourceTree = "<group>"; };
		312A69A4288874390040CE02 /* Info.plist */ = {isa = PBXFileReference; lastKnownFileType = text.plist.xml; path = Info.plist; sourceTree = "<group>"; };
		312A69A92888743A0040CE02 /* eWalleTests.xctest */ = {isa = PBXFileReference; explicitFileType = wrapper.cfbundle; includeInIndex = 0; path = eWalleTests.xctest; sourceTree = BUILT_PRODUCTS_DIR; };
		312A69AD2888743A0040CE02 /* eWalleTests.swift */ = {isa = PBXFileReference; lastKnownFileType = sourcecode.swift; path = eWalleTests.swift; sourceTree = "<group>"; };
		312A69B32888743A0040CE02 /* eWalleUITests.xctest */ = {isa = PBXFileReference; explicitFileType = wrapper.cfbundle; includeInIndex = 0; path = eWalleUITests.xctest; sourceTree = BUILT_PRODUCTS_DIR; };
		312A69B72888743A0040CE02 /* eWalleUITests.swift */ = {isa = PBXFileReference; lastKnownFileType = sourcecode.swift; path = eWalleUITests.swift; sourceTree = "<group>"; };
		312A69B92888743A0040CE02 /* eWalleUITestsLaunchTests.swift */ = {isa = PBXFileReference; lastKnownFileType = sourcecode.swift; path = eWalleUITestsLaunchTests.swift; sourceTree = "<group>"; };
		312A69CA28887C140040CE02 /* Localizable.strings */ = {isa = PBXFileReference; lastKnownFileType = text.plist.strings; path = Localizable.strings; sourceTree = "<group>"; };
		312A69CC28887C5E0040CE02 /* Colors.xcassets */ = {isa = PBXFileReference; lastKnownFileType = folder.assetcatalog; path = Colors.xcassets; sourceTree = "<group>"; };
		31469A37288881B100F92B56 /* SignInButton.swift */ = {isa = PBXFileReference; lastKnownFileType = sourcecode.swift; path = SignInButton.swift; sourceTree = "<group>"; };
		31469A39288881C300F92B56 /* AddButton.swift */ = {isa = PBXFileReference; lastKnownFileType = sourcecode.swift; path = AddButton.swift; sourceTree = "<group>"; };
		31469A3D28888F9300F92B56 /* AvenirNextCyr-Demi.ttf */ = {isa = PBXFileReference; lastKnownFileType = file; path = "AvenirNextCyr-Demi.ttf"; sourceTree = "<group>"; };
		31469A3E28888F9300F92B56 /* AvenirNextCyr-Bold.ttf */ = {isa = PBXFileReference; lastKnownFileType = file; path = "AvenirNextCyr-Bold.ttf"; sourceTree = "<group>"; };
		31469A3F28888F9300F92B56 /* AvenirNextCyr-Medium.ttf */ = {isa = PBXFileReference; lastKnownFileType = file; path = "AvenirNextCyr-Medium.ttf"; sourceTree = "<group>"; };
		31469A4028888F9300F92B56 /* AvenirNextCyr-Regular.ttf */ = {isa = PBXFileReference; lastKnownFileType = file; path = "AvenirNextCyr-Regular.ttf"; sourceTree = "<group>"; };
		31469A4628888FF100F92B56 /* Fonts.swift */ = {isa = PBXFileReference; lastKnownFileType = sourcecode.swift; path = Fonts.swift; sourceTree = "<group>"; };
		31469A482888909900F92B56 /* Colors.swift */ = {isa = PBXFileReference; lastKnownFileType = sourcecode.swift; path = Colors.swift; sourceTree = "<group>"; };
		31469A4A2888919200F92B56 /* TextHelper.swift */ = {isa = PBXFileReference; lastKnownFileType = sourcecode.swift; path = TextHelper.swift; sourceTree = "<group>"; };
		31469A4C288891B200F92B56 /* Strings.swift */ = {isa = PBXFileReference; lastKnownFileType = sourcecode.swift; path = Strings.swift; sourceTree = "<group>"; };
		31469A4E288895A700F92B56 /* NavigationButton.swift */ = {isa = PBXFileReference; lastKnownFileType = sourcecode.swift; path = NavigationButton.swift; sourceTree = "<group>"; };
		31469A50288895B700F92B56 /* CreateAccountButton.swift */ = {isa = PBXFileReference; lastKnownFileType = sourcecode.swift; path = CreateAccountButton.swift; sourceTree = "<group>"; };
		31469A5328889F9100F92B56 /* NavigationButtonType.swift */ = {isa = PBXFileReference; lastKnownFileType = sourcecode.swift; path = NavigationButtonType.swift; sourceTree = "<group>"; };
		31469A552888A2E800F92B56 /* MagicLayout.swift */ = {isa = PBXFileReference; lastKnownFileType = sourcecode.swift; path = MagicLayout.swift; sourceTree = "<group>"; };
		31469A582888A5F400F92B56 /* AddButtonType.swift */ = {isa = PBXFileReference; lastKnownFileType = sourcecode.swift; path = AddButtonType.swift; sourceTree = "<group>"; };
		31469A5B2888A73200F92B56 /* LogoView.swift */ = {isa = PBXFileReference; lastKnownFileType = sourcecode.swift; path = LogoView.swift; sourceTree = "<group>"; };
		31469A5D2888AACE00F92B56 /* Ubuntu-Medium.ttf */ = {isa = PBXFileReference; lastKnownFileType = file; path = "Ubuntu-Medium.ttf"; sourceTree = "<group>"; };
		31469A5F2888B04900F92B56 /* SignInHeaderView.swift */ = {isa = PBXFileReference; lastKnownFileType = sourcecode.swift; path = SignInHeaderView.swift; sourceTree = "<group>"; };
		31469A612888C17700F92B56 /* CurrentBalanceViw.swift */ = {isa = PBXFileReference; lastKnownFileType = sourcecode.swift; path = CurrentBalanceViw.swift; sourceTree = "<group>"; };
		31469A672888CF0800F92B56 /* SignInViewController.swift */ = {isa = PBXFileReference; lastKnownFileType = sourcecode.swift; path = SignInViewController.swift; sourceTree = "<group>"; };
		31469A6A2888CF7B00F92B56 /* ViewModelType.swift */ = {isa = PBXFileReference; lastKnownFileType = sourcecode.swift; path = ViewModelType.swift; sourceTree = "<group>"; };
		31469A6C2888CFAD00F92B56 /* SignInViewModel.swift */ = {isa = PBXFileReference; lastKnownFileType = sourcecode.swift; path = SignInViewModel.swift; sourceTree = "<group>"; };
		31DF13C5288AD21A000D6A27 /* Coordinator.swift */ = {isa = PBXFileReference; lastKnownFileType = sourcecode.swift; path = Coordinator.swift; sourceTree = "<group>"; };
		31DF13CA288AD2A2000D6A27 /* BaseCoordinator.swift */ = {isa = PBXFileReference; lastKnownFileType = sourcecode.swift; path = BaseCoordinator.swift; sourceTree = "<group>"; };
		31DF13CC288B1620000D6A27 /* AppCoordinator.swift */ = {isa = PBXFileReference; lastKnownFileType = sourcecode.swift; path = AppCoordinator.swift; sourceTree = "<group>"; };
		31DF13D5288B29DA000D6A27 /* HomeViewController.swift */ = {isa = PBXFileReference; lastKnownFileType = sourcecode.swift; path = HomeViewController.swift; sourceTree = "<group>"; };
		31DF13D7288B2A00000D6A27 /* MenuViewController.swift */ = {isa = PBXFileReference; lastKnownFileType = sourcecode.swift; path = MenuViewController.swift; sourceTree = "<group>"; };
		31DF13D9288B2BAF000D6A27 /* BaseNavigationController.swift */ = {isa = PBXFileReference; lastKnownFileType = sourcecode.swift; path = BaseNavigationController.swift; sourceTree = "<group>"; };
		31DF13DB288B2F30000D6A27 /* SignInCoordinator.swift */ = {isa = PBXFileReference; lastKnownFileType = sourcecode.swift; path = SignInCoordinator.swift; sourceTree = "<group>"; };
		31DF13DD288B30BE000D6A27 /* MainCoordinator.swift */ = {isa = PBXFileReference; lastKnownFileType = sourcecode.swift; path = MainCoordinator.swift; sourceTree = "<group>"; };
		31DF13DF288B45B2000D6A27 /* MainViewController.swift */ = {isa = PBXFileReference; lastKnownFileType = sourcecode.swift; path = MainViewController.swift; sourceTree = "<group>"; };
		3ACA0D5E4D3466D0B7C3DE87 /* Pods-eWalleTests.release.xcconfig */ = {isa = PBXFileReference; includeInIndex = 1; lastKnownFileType = text.xcconfig; name = "Pods-eWalleTests.release.xcconfig"; path = "Target Support Files/Pods-eWalleTests/Pods-eWalleTests.release.xcconfig"; sourceTree = "<group>"; };
		46B00D7506CB5DE594523B75 /* Pods_eWalle_eWalleUITests.framework */ = {isa = PBXFileReference; explicitFileType = wrapper.framework; includeInIndex = 0; path = Pods_eWalle_eWalleUITests.framework; sourceTree = BUILT_PRODUCTS_DIR; };
		4D604BF060FB6BAB1C9CFEF8 /* Pods_eWalle.framework */ = {isa = PBXFileReference; explicitFileType = wrapper.framework; includeInIndex = 0; path = Pods_eWalle.framework; sourceTree = BUILT_PRODUCTS_DIR; };
		7D914CA5107153B68A7792E4 /* Pods-eWalle-eWalleUITests.debug.xcconfig */ = {isa = PBXFileReference; includeInIndex = 1; lastKnownFileType = text.xcconfig; name = "Pods-eWalle-eWalleUITests.debug.xcconfig"; path = "Target Support Files/Pods-eWalle-eWalleUITests/Pods-eWalle-eWalleUITests.debug.xcconfig"; sourceTree = "<group>"; };
		9B922450080DF45314FAC14C /* Pods-eWalle.release.xcconfig */ = {isa = PBXFileReference; includeInIndex = 1; lastKnownFileType = text.xcconfig; name = "Pods-eWalle.release.xcconfig"; path = "Target Support Files/Pods-eWalle/Pods-eWalle.release.xcconfig"; sourceTree = "<group>"; };
		9F09D432F245F090A46D9903 /* Pods-eWalle-eWalleUITests.release.xcconfig */ = {isa = PBXFileReference; includeInIndex = 1; lastKnownFileType = text.xcconfig; name = "Pods-eWalle-eWalleUITests.release.xcconfig"; path = "Target Support Files/Pods-eWalle-eWalleUITests/Pods-eWalle-eWalleUITests.release.xcconfig"; sourceTree = "<group>"; };
		A0F4AEC828EF4FF8043D7175 /* Pods-eWalleTests.debug.xcconfig */ = {isa = PBXFileReference; includeInIndex = 1; lastKnownFileType = text.xcconfig; name = "Pods-eWalleTests.debug.xcconfig"; path = "Target Support Files/Pods-eWalleTests/Pods-eWalleTests.debug.xcconfig"; sourceTree = "<group>"; };
		EB82E50B9ADAFCC78642A3AD /* Pods-eWalle.debug.xcconfig */ = {isa = PBXFileReference; includeInIndex = 1; lastKnownFileType = text.xcconfig; name = "Pods-eWalle.debug.xcconfig"; path = "Target Support Files/Pods-eWalle/Pods-eWalle.debug.xcconfig"; sourceTree = "<group>"; };
/* End PBXFileReference section */

/* Begin PBXFrameworksBuildPhase section */
		312A698D288874370040CE02 /* Frameworks */ = {
			isa = PBXFrameworksBuildPhase;
			buildActionMask = 2147483647;
			files = (
				718548057DCBFFBD80329E92 /* Pods_eWalle.framework in Frameworks */,
			);
			runOnlyForDeploymentPostprocessing = 0;
		};
		312A69A62888743A0040CE02 /* Frameworks */ = {
			isa = PBXFrameworksBuildPhase;
			buildActionMask = 2147483647;
			files = (
				C46D651709BC571146890956 /* Pods_eWalleTests.framework in Frameworks */,
			);
			runOnlyForDeploymentPostprocessing = 0;
		};
		312A69B02888743A0040CE02 /* Frameworks */ = {
			isa = PBXFrameworksBuildPhase;
			buildActionMask = 2147483647;
			files = (
				0AF95B83924067932F092287 /* Pods_eWalle_eWalleUITests.framework in Frameworks */,
			);
			runOnlyForDeploymentPostprocessing = 0;
		};
/* End PBXFrameworksBuildPhase section */

/* Begin PBXGroup section */
		312A6987288874370040CE02 = {
			isa = PBXGroup;
			children = (
				312A6992288874370040CE02 /* eWalle */,
				312A69AC2888743A0040CE02 /* eWalleTests */,
				312A69B62888743A0040CE02 /* eWalleUITests */,
				312A6991288874370040CE02 /* Products */,
				4ADF345CACD9EDB9E177A29A /* Pods */,
				97019CC81D210CE918138887 /* Frameworks */,
			);
			sourceTree = "<group>";
		};
		312A6991288874370040CE02 /* Products */ = {
			isa = PBXGroup;
			children = (
				312A6990288874370040CE02 /* eWalle.app */,
				312A69A92888743A0040CE02 /* eWalleTests.xctest */,
				312A69B32888743A0040CE02 /* eWalleUITests.xctest */,
			);
			name = Products;
			sourceTree = "<group>";
		};
		312A6992288874370040CE02 /* eWalle */ = {
			isa = PBXGroup;
			children = (
				31DF13C9288AD27F000D6A27 /* Coordinators */,
				31469A692888CF0E00F92B56 /* Protocols */,
				31469A632888CEDF00F92B56 /* Controllers */,
				31469A4528888FE400F92B56 /* Constants */,
				31469A3B288881DE00F92B56 /* Helpers */,
				31469A332888817500F92B56 /* Views */,
				312A69C928887BDD0040CE02 /* Resources */,
				312A69C828887BBC0040CE02 /* Application */,
				312A69A1288874390040CE02 /* LaunchScreen.storyboard */,
				312A699C288874370040CE02 /* eWalle.xcdatamodeld */,
			);
			path = eWalle;
			sourceTree = "<group>";
		};
		312A69AC2888743A0040CE02 /* eWalleTests */ = {
			isa = PBXGroup;
			children = (
				312A69AD2888743A0040CE02 /* eWalleTests.swift */,
			);
			path = eWalleTests;
			sourceTree = "<group>";
		};
		312A69B62888743A0040CE02 /* eWalleUITests */ = {
			isa = PBXGroup;
			children = (
				312A69B72888743A0040CE02 /* eWalleUITests.swift */,
				312A69B92888743A0040CE02 /* eWalleUITestsLaunchTests.swift */,
			);
			path = eWalleUITests;
			sourceTree = "<group>";
		};
		312A69C828887BBC0040CE02 /* Application */ = {
			isa = PBXGroup;
			children = (
				312A69A4288874390040CE02 /* Info.plist */,
				312A6995288874370040CE02 /* SceneDelegate.swift */,
				312A6993288874370040CE02 /* AppDelegate.swift */,
			);
			path = Application;
			sourceTree = "<group>";
		};
		312A69C928887BDD0040CE02 /* Resources */ = {
			isa = PBXGroup;
			children = (
				31469A3C28888F7700F92B56 /* Fonts */,
				312A699F288874390040CE02 /* Assets.xcassets */,
				312A69CA28887C140040CE02 /* Localizable.strings */,
				312A69CC28887C5E0040CE02 /* Colors.xcassets */,
			);
			path = Resources;
			sourceTree = "<group>";
		};
		31469A332888817500F92B56 /* Views */ = {
			isa = PBXGroup;
			children = (
				31469A5B2888A73200F92B56 /* LogoView.swift */,
				31469A342888817F00F92B56 /* Buttons */,
				31469A5F2888B04900F92B56 /* SignInHeaderView.swift */,
				31469A612888C17700F92B56 /* CurrentBalanceViw.swift */,
			);
			path = Views;
			sourceTree = "<group>";
		};
		31469A342888817F00F92B56 /* Buttons */ = {
			isa = PBXGroup;
			children = (
				31469A572888A5E800F92B56 /* AddButton */,
				31469A5228889F7F00F92B56 /* NavigationButton */,
				31469A37288881B100F92B56 /* SignInButton.swift */,
				31469A50288895B700F92B56 /* CreateAccountButton.swift */,
			);
			path = Buttons;
			sourceTree = "<group>";
		};
		31469A3B288881DE00F92B56 /* Helpers */ = {
			isa = PBXGroup;
			children = (
				31469A4A2888919200F92B56 /* TextHelper.swift */,
				31469A552888A2E800F92B56 /* MagicLayout.swift */,
			);
			path = Helpers;
			sourceTree = "<group>";
		};
		31469A3C28888F7700F92B56 /* Fonts */ = {
			isa = PBXGroup;
			children = (
				31469A5D2888AACE00F92B56 /* Ubuntu-Medium.ttf */,
				31469A3E28888F9300F92B56 /* AvenirNextCyr-Bold.ttf */,
				31469A3D28888F9300F92B56 /* AvenirNextCyr-Demi.ttf */,
				31469A3F28888F9300F92B56 /* AvenirNextCyr-Medium.ttf */,
				31469A4028888F9300F92B56 /* AvenirNextCyr-Regular.ttf */,
			);
			path = Fonts;
			sourceTree = "<group>";
		};
		31469A4528888FE400F92B56 /* Constants */ = {
			isa = PBXGroup;
			children = (
				31469A4628888FF100F92B56 /* Fonts.swift */,
				31469A482888909900F92B56 /* Colors.swift */,
				31469A4C288891B200F92B56 /* Strings.swift */,
			);
			path = Constants;
			sourceTree = "<group>";
		};
		31469A5228889F7F00F92B56 /* NavigationButton */ = {
			isa = PBXGroup;
			children = (
				31469A4E288895A700F92B56 /* NavigationButton.swift */,
				31469A5328889F9100F92B56 /* NavigationButtonType.swift */,
			);
			path = NavigationButton;
			sourceTree = "<group>";
		};
		31469A572888A5E800F92B56 /* AddButton */ = {
			isa = PBXGroup;
			children = (
				31469A39288881C300F92B56 /* AddButton.swift */,
				31469A582888A5F400F92B56 /* AddButtonType.swift */,
			);
			path = AddButton;
			sourceTree = "<group>";
		};
		31469A632888CEDF00F92B56 /* Controllers */ = {
			isa = PBXGroup;
			children = (
				31469A662888CEF600F92B56 /* Menu */,
				31469A652888CEEF00F92B56 /* Home */,
				31469A642888CEE700F92B56 /* SignIn */,
				31DF13D9288B2BAF000D6A27 /* BaseNavigationController.swift */,
				31DF13DF288B45B2000D6A27 /* MainViewController.swift */,
			);
			path = Controllers;
			sourceTree = "<group>";
		};
		31469A642888CEE700F92B56 /* SignIn */ = {
			isa = PBXGroup;
			children = (
				31469A672888CF0800F92B56 /* SignInViewController.swift */,
				31469A6C2888CFAD00F92B56 /* SignInViewModel.swift */,
			);
			path = SignIn;
			sourceTree = "<group>";
		};
		31469A652888CEEF00F92B56 /* Home */ = {
			isa = PBXGroup;
			children = (
				31DF13D5288B29DA000D6A27 /* HomeViewController.swift */,
			);
			path = Home;
			sourceTree = "<group>";
		};
		31469A662888CEF600F92B56 /* Menu */ = {
			isa = PBXGroup;
			children = (
				31DF13D7288B2A00000D6A27 /* MenuViewController.swift */,
			);
			path = Menu;
			sourceTree = "<group>";
		};
		31469A692888CF0E00F92B56 /* Protocols */ = {
			isa = PBXGroup;
			children = (
				31469A6A2888CF7B00F92B56 /* ViewModelType.swift */,
				31DF13C5288AD21A000D6A27 /* Coordinator.swift */,
			);
			path = Protocols;
			sourceTree = "<group>";
		};
		31DF13C9288AD27F000D6A27 /* Coordinators */ = {
			isa = PBXGroup;
			children = (
				31DF13CA288AD2A2000D6A27 /* BaseCoordinator.swift */,
				31DF13CC288B1620000D6A27 /* AppCoordinator.swift */,
				31DF13DB288B2F30000D6A27 /* SignInCoordinator.swift */,
				31DF13DD288B30BE000D6A27 /* MainCoordinator.swift */,
			);
			path = Coordinators;
			sourceTree = "<group>";
		};
		4ADF345CACD9EDB9E177A29A /* Pods */ = {
			isa = PBXGroup;
			children = (
				EB82E50B9ADAFCC78642A3AD /* Pods-eWalle.debug.xcconfig */,
				9B922450080DF45314FAC14C /* Pods-eWalle.release.xcconfig */,
				7D914CA5107153B68A7792E4 /* Pods-eWalle-eWalleUITests.debug.xcconfig */,
				9F09D432F245F090A46D9903 /* Pods-eWalle-eWalleUITests.release.xcconfig */,
				A0F4AEC828EF4FF8043D7175 /* Pods-eWalleTests.debug.xcconfig */,
				3ACA0D5E4D3466D0B7C3DE87 /* Pods-eWalleTests.release.xcconfig */,
			);
			path = Pods;
			sourceTree = "<group>";
		};
		97019CC81D210CE918138887 /* Frameworks */ = {
			isa = PBXGroup;
			children = (
				4D604BF060FB6BAB1C9CFEF8 /* Pods_eWalle.framework */,
				46B00D7506CB5DE594523B75 /* Pods_eWalle_eWalleUITests.framework */,
				27601A3607BF2707BEDDC92C /* Pods_eWalleTests.framework */,
			);
			name = Frameworks;
			sourceTree = "<group>";
		};
/* End PBXGroup section */

/* Begin PBXNativeTarget section */
		312A698F288874370040CE02 /* eWalle */ = {
			isa = PBXNativeTarget;
			buildConfigurationList = 312A69BD2888743A0040CE02 /* Build configuration list for PBXNativeTarget "eWalle" */;
			buildPhases = (
				23B031AF56D10079B1AC039E /* [CP] Check Pods Manifest.lock */,
				312A698C288874370040CE02 /* Sources */,
				312A698D288874370040CE02 /* Frameworks */,
				312A698E288874370040CE02 /* Resources */,
				029ADA028817714C63F18349 /* [CP] Embed Pods Frameworks */,
			);
			buildRules = (
			);
			dependencies = (
			);
			name = eWalle;
			productName = eWalle;
			productReference = 312A6990288874370040CE02 /* eWalle.app */;
			productType = "com.apple.product-type.application";
		};
		312A69A82888743A0040CE02 /* eWalleTests */ = {
			isa = PBXNativeTarget;
			buildConfigurationList = 312A69C02888743A0040CE02 /* Build configuration list for PBXNativeTarget "eWalleTests" */;
			buildPhases = (
				9BDF7A53280103404EA8A255 /* [CP] Check Pods Manifest.lock */,
				312A69A52888743A0040CE02 /* Sources */,
				312A69A62888743A0040CE02 /* Frameworks */,
				312A69A72888743A0040CE02 /* Resources */,
			);
			buildRules = (
			);
			dependencies = (
				312A69AB2888743A0040CE02 /* PBXTargetDependency */,
			);
			name = eWalleTests;
			productName = eWalleTests;
			productReference = 312A69A92888743A0040CE02 /* eWalleTests.xctest */;
			productType = "com.apple.product-type.bundle.unit-test";
		};
		312A69B22888743A0040CE02 /* eWalleUITests */ = {
			isa = PBXNativeTarget;
			buildConfigurationList = 312A69C32888743A0040CE02 /* Build configuration list for PBXNativeTarget "eWalleUITests" */;
			buildPhases = (
				52ADB206479233F4868B6564 /* [CP] Check Pods Manifest.lock */,
				312A69AF2888743A0040CE02 /* Sources */,
				312A69B02888743A0040CE02 /* Frameworks */,
				312A69B12888743A0040CE02 /* Resources */,
				60DD3CC32A5F289EE4672C82 /* [CP] Embed Pods Frameworks */,
			);
			buildRules = (
			);
			dependencies = (
				312A69B52888743A0040CE02 /* PBXTargetDependency */,
			);
			name = eWalleUITests;
			productName = eWalleUITests;
			productReference = 312A69B32888743A0040CE02 /* eWalleUITests.xctest */;
			productType = "com.apple.product-type.bundle.ui-testing";
		};
/* End PBXNativeTarget section */

/* Begin PBXProject section */
		312A6988288874370040CE02 /* Project object */ = {
			isa = PBXProject;
			attributes = {
				BuildIndependentTargetsInParallel = 1;
				LastSwiftUpdateCheck = 1330;
				LastUpgradeCheck = 1330;
				TargetAttributes = {
					312A698F288874370040CE02 = {
						CreatedOnToolsVersion = 13.3;
					};
					312A69A82888743A0040CE02 = {
						CreatedOnToolsVersion = 13.3;
						TestTargetID = 312A698F288874370040CE02;
					};
					312A69B22888743A0040CE02 = {
						CreatedOnToolsVersion = 13.3;
						TestTargetID = 312A698F288874370040CE02;
					};
				};
			};
			buildConfigurationList = 312A698B288874370040CE02 /* Build configuration list for PBXProject "eWalle" */;
			compatibilityVersion = "Xcode 13.0";
			developmentRegion = en;
			hasScannedForEncodings = 0;
			knownRegions = (
				en,
				Base,
			);
			mainGroup = 312A6987288874370040CE02;
			productRefGroup = 312A6991288874370040CE02 /* Products */;
			projectDirPath = "";
			projectRoot = "";
			targets = (
				312A698F288874370040CE02 /* eWalle */,
				312A69A82888743A0040CE02 /* eWalleTests */,
				312A69B22888743A0040CE02 /* eWalleUITests */,
			);
		};
/* End PBXProject section */

/* Begin PBXResourcesBuildPhase section */
		312A698E288874370040CE02 /* Resources */ = {
			isa = PBXResourcesBuildPhase;
			buildActionMask = 2147483647;
			files = (
				312A69CD28887C5E0040CE02 /* Colors.xcassets in Resources */,
				312A69A3288874390040CE02 /* LaunchScreen.storyboard in Resources */,
				31469A4128888F9300F92B56 /* AvenirNextCyr-Demi.ttf in Resources */,
				312A69CB28887C140040CE02 /* Localizable.strings in Resources */,
				31469A4328888F9300F92B56 /* AvenirNextCyr-Medium.ttf in Resources */,
				31469A4228888F9300F92B56 /* AvenirNextCyr-Bold.ttf in Resources */,
				31469A5E2888AACE00F92B56 /* Ubuntu-Medium.ttf in Resources */,
				31469A4428888F9300F92B56 /* AvenirNextCyr-Regular.ttf in Resources */,
				312A69A0288874390040CE02 /* Assets.xcassets in Resources */,
			);
			runOnlyForDeploymentPostprocessing = 0;
		};
		312A69A72888743A0040CE02 /* Resources */ = {
			isa = PBXResourcesBuildPhase;
			buildActionMask = 2147483647;
			files = (
			);
			runOnlyForDeploymentPostprocessing = 0;
		};
		312A69B12888743A0040CE02 /* Resources */ = {
			isa = PBXResourcesBuildPhase;
			buildActionMask = 2147483647;
			files = (
			);
			runOnlyForDeploymentPostprocessing = 0;
		};
/* End PBXResourcesBuildPhase section */

/* Begin PBXShellScriptBuildPhase section */
		029ADA028817714C63F18349 /* [CP] Embed Pods Frameworks */ = {
			isa = PBXShellScriptBuildPhase;
			buildActionMask = 2147483647;
			files = (
			);
			inputFileListPaths = (
				"${PODS_ROOT}/Target Support Files/Pods-eWalle/Pods-eWalle-frameworks-${CONFIGURATION}-input-files.xcfilelist",
			);
			name = "[CP] Embed Pods Frameworks";
			outputFileListPaths = (
				"${PODS_ROOT}/Target Support Files/Pods-eWalle/Pods-eWalle-frameworks-${CONFIGURATION}-output-files.xcfilelist",
			);
			runOnlyForDeploymentPostprocessing = 0;
			shellPath = /bin/sh;
			shellScript = "\"${PODS_ROOT}/Target Support Files/Pods-eWalle/Pods-eWalle-frameworks.sh\"\n";
			showEnvVarsInLog = 0;
		};
		23B031AF56D10079B1AC039E /* [CP] Check Pods Manifest.lock */ = {
			isa = PBXShellScriptBuildPhase;
			buildActionMask = 2147483647;
			files = (
			);
			inputFileListPaths = (
			);
			inputPaths = (
				"${PODS_PODFILE_DIR_PATH}/Podfile.lock",
				"${PODS_ROOT}/Manifest.lock",
			);
			name = "[CP] Check Pods Manifest.lock";
			outputFileListPaths = (
			);
			outputPaths = (
				"$(DERIVED_FILE_DIR)/Pods-eWalle-checkManifestLockResult.txt",
			);
			runOnlyForDeploymentPostprocessing = 0;
			shellPath = /bin/sh;
			shellScript = "diff \"${PODS_PODFILE_DIR_PATH}/Podfile.lock\" \"${PODS_ROOT}/Manifest.lock\" > /dev/null\nif [ $? != 0 ] ; then\n    # print error to STDERR\n    echo \"error: The sandbox is not in sync with the Podfile.lock. Run 'pod install' or update your CocoaPods installation.\" >&2\n    exit 1\nfi\n# This output is used by Xcode 'outputs' to avoid re-running this script phase.\necho \"SUCCESS\" > \"${SCRIPT_OUTPUT_FILE_0}\"\n";
			showEnvVarsInLog = 0;
		};
		52ADB206479233F4868B6564 /* [CP] Check Pods Manifest.lock */ = {
			isa = PBXShellScriptBuildPhase;
			buildActionMask = 2147483647;
			files = (
			);
			inputFileListPaths = (
			);
			inputPaths = (
				"${PODS_PODFILE_DIR_PATH}/Podfile.lock",
				"${PODS_ROOT}/Manifest.lock",
			);
			name = "[CP] Check Pods Manifest.lock";
			outputFileListPaths = (
			);
			outputPaths = (
				"$(DERIVED_FILE_DIR)/Pods-eWalle-eWalleUITests-checkManifestLockResult.txt",
			);
			runOnlyForDeploymentPostprocessing = 0;
			shellPath = /bin/sh;
			shellScript = "diff \"${PODS_PODFILE_DIR_PATH}/Podfile.lock\" \"${PODS_ROOT}/Manifest.lock\" > /dev/null\nif [ $? != 0 ] ; then\n    # print error to STDERR\n    echo \"error: The sandbox is not in sync with the Podfile.lock. Run 'pod install' or update your CocoaPods installation.\" >&2\n    exit 1\nfi\n# This output is used by Xcode 'outputs' to avoid re-running this script phase.\necho \"SUCCESS\" > \"${SCRIPT_OUTPUT_FILE_0}\"\n";
			showEnvVarsInLog = 0;
		};
		60DD3CC32A5F289EE4672C82 /* [CP] Embed Pods Frameworks */ = {
			isa = PBXShellScriptBuildPhase;
			buildActionMask = 2147483647;
			files = (
			);
			inputFileListPaths = (
				"${PODS_ROOT}/Target Support Files/Pods-eWalle-eWalleUITests/Pods-eWalle-eWalleUITests-frameworks-${CONFIGURATION}-input-files.xcfilelist",
			);
			name = "[CP] Embed Pods Frameworks";
			outputFileListPaths = (
				"${PODS_ROOT}/Target Support Files/Pods-eWalle-eWalleUITests/Pods-eWalle-eWalleUITests-frameworks-${CONFIGURATION}-output-files.xcfilelist",
			);
			runOnlyForDeploymentPostprocessing = 0;
			shellPath = /bin/sh;
			shellScript = "\"${PODS_ROOT}/Target Support Files/Pods-eWalle-eWalleUITests/Pods-eWalle-eWalleUITests-frameworks.sh\"\n";
			showEnvVarsInLog = 0;
		};
		9BDF7A53280103404EA8A255 /* [CP] Check Pods Manifest.lock */ = {
			isa = PBXShellScriptBuildPhase;
			buildActionMask = 2147483647;
			files = (
			);
			inputFileListPaths = (
			);
			inputPaths = (
				"${PODS_PODFILE_DIR_PATH}/Podfile.lock",
				"${PODS_ROOT}/Manifest.lock",
			);
			name = "[CP] Check Pods Manifest.lock";
			outputFileListPaths = (
			);
			outputPaths = (
				"$(DERIVED_FILE_DIR)/Pods-eWalleTests-checkManifestLockResult.txt",
			);
			runOnlyForDeploymentPostprocessing = 0;
			shellPath = /bin/sh;
			shellScript = "diff \"${PODS_PODFILE_DIR_PATH}/Podfile.lock\" \"${PODS_ROOT}/Manifest.lock\" > /dev/null\nif [ $? != 0 ] ; then\n    # print error to STDERR\n    echo \"error: The sandbox is not in sync with the Podfile.lock. Run 'pod install' or update your CocoaPods installation.\" >&2\n    exit 1\nfi\n# This output is used by Xcode 'outputs' to avoid re-running this script phase.\necho \"SUCCESS\" > \"${SCRIPT_OUTPUT_FILE_0}\"\n";
			showEnvVarsInLog = 0;
		};
/* End PBXShellScriptBuildPhase section */

/* Begin PBXSourcesBuildPhase section */
		312A698C288874370040CE02 /* Sources */ = {
			isa = PBXSourcesBuildPhase;
			buildActionMask = 2147483647;
			files = (
				31469A5C2888A73200F92B56 /* LogoView.swift in Sources */,
				31469A4728888FF100F92B56 /* Fonts.swift in Sources */,
				31DF13CD288B1620000D6A27 /* AppCoordinator.swift in Sources */,
				31469A4D288891B200F92B56 /* Strings.swift in Sources */,
				31469A492888909900F92B56 /* Colors.swift in Sources */,
				31469A4B2888919200F92B56 /* TextHelper.swift in Sources */,
				31DF13D8288B2A00000D6A27 /* MenuViewController.swift in Sources */,
				31DF13DA288B2BAF000D6A27 /* BaseNavigationController.swift in Sources */,
				31469A592888A5F400F92B56 /* AddButtonType.swift in Sources */,
				31DF13D6288B29DA000D6A27 /* HomeViewController.swift in Sources */,
				31DF13E0288B45B2000D6A27 /* MainViewController.swift in Sources */,
				31469A5428889F9100F92B56 /* NavigationButtonType.swift in Sources */,
				31469A6D2888CFAD00F92B56 /* SignInViewModel.swift in Sources */,
				31469A682888CF0800F92B56 /* SignInViewController.swift in Sources */,
				31DF13DE288B30BE000D6A27 /* MainCoordinator.swift in Sources */,
				31469A4F288895A700F92B56 /* NavigationButton.swift in Sources */,
				31469A3A288881C300F92B56 /* AddButton.swift in Sources */,
				31469A562888A2E800F92B56 /* MagicLayout.swift in Sources */,
				31469A622888C17700F92B56 /* CurrentBalanceViw.swift in Sources */,
				312A699E288874370040CE02 /* eWalle.xcdatamodeld in Sources */,
				31DF13CB288AD2A2000D6A27 /* BaseCoordinator.swift in Sources */,
				31469A51288895B700F92B56 /* CreateAccountButton.swift in Sources */,
				31469A602888B04900F92B56 /* SignInHeaderView.swift in Sources */,
				31DF13C6288AD21A000D6A27 /* Coordinator.swift in Sources */,
				312A6994288874370040CE02 /* AppDelegate.swift in Sources */,
				31DF13DC288B2F30000D6A27 /* SignInCoordinator.swift in Sources */,
				312A6996288874370040CE02 /* SceneDelegate.swift in Sources */,
				31469A38288881B100F92B56 /* SignInButton.swift in Sources */,
				31469A6B2888CF7B00F92B56 /* ViewModelType.swift in Sources */,
			);
			runOnlyForDeploymentPostprocessing = 0;
		};
		312A69A52888743A0040CE02 /* Sources */ = {
			isa = PBXSourcesBuildPhase;
			buildActionMask = 2147483647;
			files = (
				312A69AE2888743A0040CE02 /* eWalleTests.swift in Sources */,
			);
			runOnlyForDeploymentPostprocessing = 0;
		};
		312A69AF2888743A0040CE02 /* Sources */ = {
			isa = PBXSourcesBuildPhase;
			buildActionMask = 2147483647;
			files = (
				312A69BA2888743A0040CE02 /* eWalleUITestsLaunchTests.swift in Sources */,
				312A69B82888743A0040CE02 /* eWalleUITests.swift in Sources */,
			);
			runOnlyForDeploymentPostprocessing = 0;
		};
/* End PBXSourcesBuildPhase section */

/* Begin PBXTargetDependency section */
		312A69AB2888743A0040CE02 /* PBXTargetDependency */ = {
			isa = PBXTargetDependency;
			target = 312A698F288874370040CE02 /* eWalle */;
			targetProxy = 312A69AA2888743A0040CE02 /* PBXContainerItemProxy */;
		};
		312A69B52888743A0040CE02 /* PBXTargetDependency */ = {
			isa = PBXTargetDependency;
			target = 312A698F288874370040CE02 /* eWalle */;
			targetProxy = 312A69B42888743A0040CE02 /* PBXContainerItemProxy */;
		};
/* End PBXTargetDependency section */

/* Begin PBXVariantGroup section */
		312A69A1288874390040CE02 /* LaunchScreen.storyboard */ = {
			isa = PBXVariantGroup;
			children = (
				312A69A2288874390040CE02 /* Base */,
			);
			name = LaunchScreen.storyboard;
			sourceTree = "<group>";
		};
/* End PBXVariantGroup section */

/* Begin XCBuildConfiguration section */
		312A69BB2888743A0040CE02 /* Debug */ = {
			isa = XCBuildConfiguration;
			buildSettings = {
				ALWAYS_SEARCH_USER_PATHS = NO;
				CLANG_ANALYZER_NONNULL = YES;
				CLANG_ANALYZER_NUMBER_OBJECT_CONVERSION = YES_AGGRESSIVE;
				CLANG_CXX_LANGUAGE_STANDARD = "gnu++17";
				CLANG_ENABLE_MODULES = YES;
				CLANG_ENABLE_OBJC_ARC = YES;
				CLANG_ENABLE_OBJC_WEAK = YES;
				CLANG_WARN_BLOCK_CAPTURE_AUTORELEASING = YES;
				CLANG_WARN_BOOL_CONVERSION = YES;
				CLANG_WARN_COMMA = YES;
				CLANG_WARN_CONSTANT_CONVERSION = YES;
				CLANG_WARN_DEPRECATED_OBJC_IMPLEMENTATIONS = YES;
				CLANG_WARN_DIRECT_OBJC_ISA_USAGE = YES_ERROR;
				CLANG_WARN_DOCUMENTATION_COMMENTS = YES;
				CLANG_WARN_EMPTY_BODY = YES;
				CLANG_WARN_ENUM_CONVERSION = YES;
				CLANG_WARN_INFINITE_RECURSION = YES;
				CLANG_WARN_INT_CONVERSION = YES;
				CLANG_WARN_NON_LITERAL_NULL_CONVERSION = YES;
				CLANG_WARN_OBJC_IMPLICIT_RETAIN_SELF = YES;
				CLANG_WARN_OBJC_LITERAL_CONVERSION = YES;
				CLANG_WARN_OBJC_ROOT_CLASS = YES_ERROR;
				CLANG_WARN_QUOTED_INCLUDE_IN_FRAMEWORK_HEADER = YES;
				CLANG_WARN_RANGE_LOOP_ANALYSIS = YES;
				CLANG_WARN_STRICT_PROTOTYPES = YES;
				CLANG_WARN_SUSPICIOUS_MOVE = YES;
				CLANG_WARN_UNGUARDED_AVAILABILITY = YES_AGGRESSIVE;
				CLANG_WARN_UNREACHABLE_CODE = YES;
				CLANG_WARN__DUPLICATE_METHOD_MATCH = YES;
				COPY_PHASE_STRIP = NO;
				DEBUG_INFORMATION_FORMAT = dwarf;
				ENABLE_STRICT_OBJC_MSGSEND = YES;
				ENABLE_TESTABILITY = YES;
				GCC_C_LANGUAGE_STANDARD = gnu11;
				GCC_DYNAMIC_NO_PIC = NO;
				GCC_NO_COMMON_BLOCKS = YES;
				GCC_OPTIMIZATION_LEVEL = 0;
				GCC_PREPROCESSOR_DEFINITIONS = (
					"DEBUG=1",
					"$(inherited)",
				);
				GCC_WARN_64_TO_32_BIT_CONVERSION = YES;
				GCC_WARN_ABOUT_RETURN_TYPE = YES_ERROR;
				GCC_WARN_UNDECLARED_SELECTOR = YES;
				GCC_WARN_UNINITIALIZED_AUTOS = YES_AGGRESSIVE;
				GCC_WARN_UNUSED_FUNCTION = YES;
				GCC_WARN_UNUSED_VARIABLE = YES;
				IPHONEOS_DEPLOYMENT_TARGET = 15.4;
				MTL_ENABLE_DEBUG_INFO = INCLUDE_SOURCE;
				MTL_FAST_MATH = YES;
				ONLY_ACTIVE_ARCH = YES;
				SDKROOT = iphoneos;
				SWIFT_ACTIVE_COMPILATION_CONDITIONS = DEBUG;
				SWIFT_OPTIMIZATION_LEVEL = "-Onone";
			};
			name = Debug;
		};
		312A69BC2888743A0040CE02 /* Release */ = {
			isa = XCBuildConfiguration;
			buildSettings = {
				ALWAYS_SEARCH_USER_PATHS = NO;
				CLANG_ANALYZER_NONNULL = YES;
				CLANG_ANALYZER_NUMBER_OBJECT_CONVERSION = YES_AGGRESSIVE;
				CLANG_CXX_LANGUAGE_STANDARD = "gnu++17";
				CLANG_ENABLE_MODULES = YES;
				CLANG_ENABLE_OBJC_ARC = YES;
				CLANG_ENABLE_OBJC_WEAK = YES;
				CLANG_WARN_BLOCK_CAPTURE_AUTORELEASING = YES;
				CLANG_WARN_BOOL_CONVERSION = YES;
				CLANG_WARN_COMMA = YES;
				CLANG_WARN_CONSTANT_CONVERSION = YES;
				CLANG_WARN_DEPRECATED_OBJC_IMPLEMENTATIONS = YES;
				CLANG_WARN_DIRECT_OBJC_ISA_USAGE = YES_ERROR;
				CLANG_WARN_DOCUMENTATION_COMMENTS = YES;
				CLANG_WARN_EMPTY_BODY = YES;
				CLANG_WARN_ENUM_CONVERSION = YES;
				CLANG_WARN_INFINITE_RECURSION = YES;
				CLANG_WARN_INT_CONVERSION = YES;
				CLANG_WARN_NON_LITERAL_NULL_CONVERSION = YES;
				CLANG_WARN_OBJC_IMPLICIT_RETAIN_SELF = YES;
				CLANG_WARN_OBJC_LITERAL_CONVERSION = YES;
				CLANG_WARN_OBJC_ROOT_CLASS = YES_ERROR;
				CLANG_WARN_QUOTED_INCLUDE_IN_FRAMEWORK_HEADER = YES;
				CLANG_WARN_RANGE_LOOP_ANALYSIS = YES;
				CLANG_WARN_STRICT_PROTOTYPES = YES;
				CLANG_WARN_SUSPICIOUS_MOVE = YES;
				CLANG_WARN_UNGUARDED_AVAILABILITY = YES_AGGRESSIVE;
				CLANG_WARN_UNREACHABLE_CODE = YES;
				CLANG_WARN__DUPLICATE_METHOD_MATCH = YES;
				COPY_PHASE_STRIP = NO;
				DEBUG_INFORMATION_FORMAT = "dwarf-with-dsym";
				ENABLE_NS_ASSERTIONS = NO;
				ENABLE_STRICT_OBJC_MSGSEND = YES;
				GCC_C_LANGUAGE_STANDARD = gnu11;
				GCC_NO_COMMON_BLOCKS = YES;
				GCC_WARN_64_TO_32_BIT_CONVERSION = YES;
				GCC_WARN_ABOUT_RETURN_TYPE = YES_ERROR;
				GCC_WARN_UNDECLARED_SELECTOR = YES;
				GCC_WARN_UNINITIALIZED_AUTOS = YES_AGGRESSIVE;
				GCC_WARN_UNUSED_FUNCTION = YES;
				GCC_WARN_UNUSED_VARIABLE = YES;
				IPHONEOS_DEPLOYMENT_TARGET = 15.4;
				MTL_ENABLE_DEBUG_INFO = NO;
				MTL_FAST_MATH = YES;
				SDKROOT = iphoneos;
				SWIFT_COMPILATION_MODE = wholemodule;
				SWIFT_OPTIMIZATION_LEVEL = "-O";
				VALIDATE_PRODUCT = YES;
			};
			name = Release;
		};
		312A69BE2888743A0040CE02 /* Debug */ = {
			isa = XCBuildConfiguration;
			baseConfigurationReference = EB82E50B9ADAFCC78642A3AD /* Pods-eWalle.debug.xcconfig */;
			buildSettings = {
				ASSETCATALOG_COMPILER_APPICON_NAME = AppIcon;
				ASSETCATALOG_COMPILER_GLOBAL_ACCENT_COLOR_NAME = AccentColor;
				CODE_SIGN_STYLE = Automatic;
				CURRENT_PROJECT_VERSION = 1;
				DEVELOPMENT_TEAM = 2W9YA7539F;
				GENERATE_INFOPLIST_FILE = YES;
				INFOPLIST_FILE = eWalle/Application/Info.plist;
				INFOPLIST_KEY_UIApplicationSupportsIndirectInputEvents = YES;
				INFOPLIST_KEY_UILaunchStoryboardName = LaunchScreen;
				INFOPLIST_KEY_UISupportedInterfaceOrientations_iPad = "UIInterfaceOrientationPortrait UIInterfaceOrientationPortraitUpsideDown UIInterfaceOrientationLandscapeLeft UIInterfaceOrientationLandscapeRight";
				INFOPLIST_KEY_UISupportedInterfaceOrientations_iPhone = "UIInterfaceOrientationPortrait UIInterfaceOrientationLandscapeLeft UIInterfaceOrientationLandscapeRight";
				LD_RUNPATH_SEARCH_PATHS = (
					"$(inherited)",
					"@executable_path/Frameworks",
				);
				MARKETING_VERSION = 1.0;
				PRODUCT_BUNDLE_IDENTIFIER = maskoks.eWalle;
				PRODUCT_NAME = "$(TARGET_NAME)";
				SWIFT_EMIT_LOC_STRINGS = YES;
				SWIFT_VERSION = 5.0;
				TARGETED_DEVICE_FAMILY = "1,2";
			};
			name = Debug;
		};
		312A69BF2888743A0040CE02 /* Release */ = {
			isa = XCBuildConfiguration;
			baseConfigurationReference = 9B922450080DF45314FAC14C /* Pods-eWalle.release.xcconfig */;
			buildSettings = {
				ASSETCATALOG_COMPILER_APPICON_NAME = AppIcon;
				ASSETCATALOG_COMPILER_GLOBAL_ACCENT_COLOR_NAME = AccentColor;
				CODE_SIGN_STYLE = Automatic;
				CURRENT_PROJECT_VERSION = 1;
				DEVELOPMENT_TEAM = 2W9YA7539F;
				GENERATE_INFOPLIST_FILE = YES;
				INFOPLIST_FILE = eWalle/Application/Info.plist;
				INFOPLIST_KEY_UIApplicationSupportsIndirectInputEvents = YES;
				INFOPLIST_KEY_UILaunchStoryboardName = LaunchScreen;
				INFOPLIST_KEY_UISupportedInterfaceOrientations_iPad = "UIInterfaceOrientationPortrait UIInterfaceOrientationPortraitUpsideDown UIInterfaceOrientationLandscapeLeft UIInterfaceOrientationLandscapeRight";
				INFOPLIST_KEY_UISupportedInterfaceOrientations_iPhone = "UIInterfaceOrientationPortrait UIInterfaceOrientationLandscapeLeft UIInterfaceOrientationLandscapeRight";
				LD_RUNPATH_SEARCH_PATHS = (
					"$(inherited)",
					"@executable_path/Frameworks",
				);
				MARKETING_VERSION = 1.0;
				PRODUCT_BUNDLE_IDENTIFIER = maskoks.eWalle;
				PRODUCT_NAME = "$(TARGET_NAME)";
				SWIFT_EMIT_LOC_STRINGS = YES;
				SWIFT_VERSION = 5.0;
				TARGETED_DEVICE_FAMILY = "1,2";
			};
			name = Release;
		};
		312A69C12888743A0040CE02 /* Debug */ = {
			isa = XCBuildConfiguration;
			baseConfigurationReference = A0F4AEC828EF4FF8043D7175 /* Pods-eWalleTests.debug.xcconfig */;
			buildSettings = {
				ALWAYS_EMBED_SWIFT_STANDARD_LIBRARIES = YES;
				BUNDLE_LOADER = "$(TEST_HOST)";
				CODE_SIGN_STYLE = Automatic;
				CURRENT_PROJECT_VERSION = 1;
				DEVELOPMENT_TEAM = 2W9YA7539F;
				GENERATE_INFOPLIST_FILE = YES;
				IPHONEOS_DEPLOYMENT_TARGET = 15.4;
				MARKETING_VERSION = 1.0;
				PRODUCT_BUNDLE_IDENTIFIER = maskoks.eWalleTests;
				PRODUCT_NAME = "$(TARGET_NAME)";
				SWIFT_EMIT_LOC_STRINGS = NO;
				SWIFT_VERSION = 5.0;
				TARGETED_DEVICE_FAMILY = "1,2";
				TEST_HOST = "$(BUILT_PRODUCTS_DIR)/eWalle.app/eWalle";
			};
			name = Debug;
		};
		312A69C22888743A0040CE02 /* Release */ = {
			isa = XCBuildConfiguration;
			baseConfigurationReference = 3ACA0D5E4D3466D0B7C3DE87 /* Pods-eWalleTests.release.xcconfig */;
			buildSettings = {
				ALWAYS_EMBED_SWIFT_STANDARD_LIBRARIES = YES;
				BUNDLE_LOADER = "$(TEST_HOST)";
				CODE_SIGN_STYLE = Automatic;
				CURRENT_PROJECT_VERSION = 1;
				DEVELOPMENT_TEAM = 2W9YA7539F;
				GENERATE_INFOPLIST_FILE = YES;
				IPHONEOS_DEPLOYMENT_TARGET = 15.4;
				MARKETING_VERSION = 1.0;
				PRODUCT_BUNDLE_IDENTIFIER = maskoks.eWalleTests;
				PRODUCT_NAME = "$(TARGET_NAME)";
				SWIFT_EMIT_LOC_STRINGS = NO;
				SWIFT_VERSION = 5.0;
				TARGETED_DEVICE_FAMILY = "1,2";
				TEST_HOST = "$(BUILT_PRODUCTS_DIR)/eWalle.app/eWalle";
			};
			name = Release;
		};
		312A69C42888743A0040CE02 /* Debug */ = {
			isa = XCBuildConfiguration;
			baseConfigurationReference = 7D914CA5107153B68A7792E4 /* Pods-eWalle-eWalleUITests.debug.xcconfig */;
			buildSettings = {
				ALWAYS_EMBED_SWIFT_STANDARD_LIBRARIES = YES;
				CODE_SIGN_STYLE = Automatic;
				CURRENT_PROJECT_VERSION = 1;
				DEVELOPMENT_TEAM = 2W9YA7539F;
				GENERATE_INFOPLIST_FILE = YES;
				MARKETING_VERSION = 1.0;
				PRODUCT_BUNDLE_IDENTIFIER = maskoks.eWalleUITests;
				PRODUCT_NAME = "$(TARGET_NAME)";
				SWIFT_EMIT_LOC_STRINGS = NO;
				SWIFT_VERSION = 5.0;
				TARGETED_DEVICE_FAMILY = "1,2";
				TEST_TARGET_NAME = eWalle;
			};
			name = Debug;
		};
		312A69C52888743A0040CE02 /* Release */ = {
			isa = XCBuildConfiguration;
			baseConfigurationReference = 9F09D432F245F090A46D9903 /* Pods-eWalle-eWalleUITests.release.xcconfig */;
			buildSettings = {
				ALWAYS_EMBED_SWIFT_STANDARD_LIBRARIES = YES;
				CODE_SIGN_STYLE = Automatic;
				CURRENT_PROJECT_VERSION = 1;
				DEVELOPMENT_TEAM = 2W9YA7539F;
				GENERATE_INFOPLIST_FILE = YES;
				MARKETING_VERSION = 1.0;
				PRODUCT_BUNDLE_IDENTIFIER = maskoks.eWalleUITests;
				PRODUCT_NAME = "$(TARGET_NAME)";
				SWIFT_EMIT_LOC_STRINGS = NO;
				SWIFT_VERSION = 5.0;
				TARGETED_DEVICE_FAMILY = "1,2";
				TEST_TARGET_NAME = eWalle;
			};
			name = Release;
		};
/* End XCBuildConfiguration section */

/* Begin XCConfigurationList section */
		312A698B288874370040CE02 /* Build configuration list for PBXProject "eWalle" */ = {
			isa = XCConfigurationList;
			buildConfigurations = (
				312A69BB2888743A0040CE02 /* Debug */,
				312A69BC2888743A0040CE02 /* Release */,
			);
			defaultConfigurationIsVisible = 0;
			defaultConfigurationName = Release;
		};
		312A69BD2888743A0040CE02 /* Build configuration list for PBXNativeTarget "eWalle" */ = {
			isa = XCConfigurationList;
			buildConfigurations = (
				312A69BE2888743A0040CE02 /* Debug */,
				312A69BF2888743A0040CE02 /* Release */,
			);
			defaultConfigurationIsVisible = 0;
			defaultConfigurationName = Release;
		};
		312A69C02888743A0040CE02 /* Build configuration list for PBXNativeTarget "eWalleTests" */ = {
			isa = XCConfigurationList;
			buildConfigurations = (
				312A69C12888743A0040CE02 /* Debug */,
				312A69C22888743A0040CE02 /* Release */,
			);
			defaultConfigurationIsVisible = 0;
			defaultConfigurationName = Release;
		};
		312A69C32888743A0040CE02 /* Build configuration list for PBXNativeTarget "eWalleUITests" */ = {
			isa = XCConfigurationList;
			buildConfigurations = (
				312A69C42888743A0040CE02 /* Debug */,
				312A69C52888743A0040CE02 /* Release */,
			);
			defaultConfigurationIsVisible = 0;
			defaultConfigurationName = Release;
		};
/* End XCConfigurationList section */

/* Begin XCVersionGroup section */
		312A699C288874370040CE02 /* eWalle.xcdatamodeld */ = {
			isa = XCVersionGroup;
			children = (
				312A699D288874370040CE02 /* eWalle.xcdatamodel */,
			);
			currentVersion = 312A699D288874370040CE02 /* eWalle.xcdatamodel */;
			path = eWalle.xcdatamodeld;
			sourceTree = "<group>";
			versionGroupType = wrapper.xcdatamodel;
		};
/* End XCVersionGroup section */
	};
	rootObject = 312A6988288874370040CE02 /* Project object */;
}
